
Microsoft Visual Studio Solution File, Format Version 12.00
# Visual Studio Version 17
VisualStudioVersion = 17.3.32922.545
MinimumVisualStudioVersion = 10.0.40219.1
Project("{54A90642-561A-4BB1-A94E-469ADEE60C69}") = "hellovue", "hellovue.esproj", "{5C9D63D9-7900-42E7-8C60-3DF5087BDCBA}"
EndProject
Global
	GlobalSection(SolutionConfigurationPlatforms) = preSolution
		Debug|Any CPU = Debug|Any CPU
		Release|Any CPU = Release|Any CPU
	EndGlobalSection
	GlobalSection(ProjectConfigurationPlatforms) = postSolution
		{5C9D63D9-7900-42E7-8C60-3DF5087BDCBA}.Debug|Any CPU.ActiveCfg = Debug|Any CPU
		{5C9D63D9-7900-42E7-8C60-3DF5087BDCBA}.Debug|Any CPU.Build.0 = Debug|Any CPU
		{5C9D63D9-7900-42E7-8C60-3DF5087BDCBA}.Debug|Any CPU.Deploy.0 = Debug|Any CPU
		{5C9D63D9-7900-42E7-8C60-3DF5087BDCBA}.Release|Any CPU.ActiveCfg = Release|Any CPU
		{5C9D63D9-7900-42E7-8C60-3DF5087BDCBA}.Release|Any CPU.Build.0 = Release|Any CPU
		{5C9D63D9-7900-42E7-8C60-3DF5087BDCBA}.Release|Any CPU.Deploy.0 = Release|Any CPU
	EndGlobalSection
	GlobalSection(SolutionProperties) = preSolution
		HideSolutionNode = FALSE
	EndGlobalSection
	GlobalSection(ExtensibilityGlobals) = postSolution
		SolutionGuid = {2712235B-F940-4983-A2FD-18E25BEBE04B}
	EndGlobalSection
EndGlobal
